
Microsoft Visual Studio Solution File, Format Version 12.00
# Visual Studio Version 16
VisualStudioVersion = 16.0.29409.12
MinimumVisualStudioVersion = 10.0.40219.1
Project("{9A19103F-16F7-4668-BE54-9A1E7A4F7556}") = "PostCommentExample", "PostCommentExample\PostCommentExample.csproj", "{A6511F02-27A0-4108-A32B-C7DAF3B82C7E}"
EndProject
Global
	GlobalSection(SolutionConfigurationPlatforms) = preSolution
		Debug|Any CPU = Debug|Any CPU
		Release|Any CPU = Release|Any CPU
	EndGlobalSection
	GlobalSection(ProjectConfigurationPlatforms) = postSolution
		{A6511F02-27A0-4108-A32B-C7DAF3B82C7E}.Debug|Any CPU.ActiveCfg = Debug|Any CPU
		{A6511F02-27A0-4108-A32B-C7DAF3B82C7E}.Debug|Any CPU.Build.0 = Debug|Any CPU
		{A6511F02-27A0-4108-A32B-C7DAF3B82C7E}.Release|Any CPU.ActiveCfg = Release|Any CPU
		{A6511F02-27A0-4108-A32B-C7DAF3B82C7E}.Release|Any CPU.Build.0 = Release|Any CPU
	EndGlobalSection
	GlobalSection(SolutionProperties) = preSolution
		HideSolutionNode = FALSE
	EndGlobalSection
	GlobalSection(ExtensibilityGlobals) = postSolution
		SolutionGuid = {D90BEA91-6294-4E12-AC00-F77810B30BAB}
	EndGlobalSection
EndGlobal
